
Microsoft Visual Studio Solution File, Format Version 12.00
# Visual Studio Version 17
VisualStudioVersion = 17.0.31903.59
MinimumVisualStudioVersion = 10.0.40219.1
Project("{9A19103F-16F7-4668-BE54-9A1E7A4F7556}") = "ConnectFour", "ConnectFour\ConnectFour.csproj", "{C5483602-C586-4011-B59B-91AE3DAF80AF}"
EndProject
Project("{9A19103F-16F7-4668-BE54-9A1E7A4F7556}") = "ConnectFour.Demo", "ConnectFour.Demo\ConnectFour.Demo.csproj", "{D82651CF-CFE6-4AD3-9EFF-9428BA6E9928}"
EndProject
Project("{9A19103F-16F7-4668-BE54-9A1E7A4F7556}") = "ConnectFour.Test", "ConnectFour.Test\ConnectFour.Test.csproj", "{E96E4685-5BA7-4F15-9920-2FAC0D7A5AC9}"
EndProject
Project("{2150E333-8FDC-42A3-9474-1A3956D46DE8}") = "Solution Items", "Solution Items", "{F59957EC-1A0F-46D1-887E-3AF039BCD7C1}"
	ProjectSection(SolutionItems) = preProject
		Fehlersuche.md = Fehlersuche.md
		Testprotokoll.md = Testprotokoll.md
	EndProjectSection
EndProject
Global
	GlobalSection(SolutionConfigurationPlatforms) = preSolution
		Debug|Any CPU = Debug|Any CPU
		Release|Any CPU = Release|Any CPU
	EndGlobalSection
	GlobalSection(ProjectConfigurationPlatforms) = postSolution
		{C5483602-C586-4011-B59B-91AE3DAF80AF}.Debug|Any CPU.ActiveCfg = Debug|Any CPU
		{C5483602-C586-4011-B59B-91AE3DAF80AF}.Debug|Any CPU.Build.0 = Debug|Any CPU
		{C5483602-C586-4011-B59B-91AE3DAF80AF}.Release|Any CPU.ActiveCfg = Release|Any CPU
		{C5483602-C586-4011-B59B-91AE3DAF80AF}.Release|Any CPU.Build.0 = Release|Any CPU
		{D82651CF-CFE6-4AD3-9EFF-9428BA6E9928}.Debug|Any CPU.ActiveCfg = Debug|Any CPU
		{D82651CF-CFE6-4AD3-9EFF-9428BA6E9928}.Debug|Any CPU.Build.0 = Debug|Any CPU
		{D82651CF-CFE6-4AD3-9EFF-9428BA6E9928}.Release|Any CPU.ActiveCfg = Release|Any CPU
		{D82651CF-CFE6-4AD3-9EFF-9428BA6E9928}.Release|Any CPU.Build.0 = Release|Any CPU
		{E96E4685-5BA7-4F15-9920-2FAC0D7A5AC9}.Debug|Any CPU.ActiveCfg = Debug|Any CPU
		{E96E4685-5BA7-4F15-9920-2FAC0D7A5AC9}.Debug|Any CPU.Build.0 = Debug|Any CPU
		{E96E4685-5BA7-4F15-9920-2FAC0D7A5AC9}.Release|Any CPU.ActiveCfg = Release|Any CPU
		{E96E4685-5BA7-4F15-9920-2FAC0D7A5AC9}.Release|Any CPU.Build.0 = Release|Any CPU
	EndGlobalSection
	GlobalSection(SolutionProperties) = preSolution
		HideSolutionNode = FALSE
	EndGlobalSection
EndGlobal
